<Solution>
  <Folder Name="/src/">
    <Project Path="VirtualEquipmentMonitor.Application/VirtualEquipmentMonitor.Application.csproj" />
    <Project Path="VirtualEquipmentMonitor.Contracts/VirtualEquipmentMonitor.Contracts.csproj" />
    <Project Path="VirtualEquipmentMonitor.Desktop/VirtualEquipmentMonitor.Desktop.csproj" />
    <Project Path="VirtualEquipmentMonitor.Domain/VirtualEquipmentMonitor.Domain.csproj" />
    <Project Path="VirtualEquipmentMonitor.Infrastructure/VirtualEquipmentMonitor.Infrastructure.csproj" />
    <Project Path="VirtualEquipmentMonitor.Simulator/VirtualEquipmentMonitor.Simulator.csproj" />
  </Folder>
  <Folder Name="/tests/">
    <Project Path="VirtualEquipmentMonitor.Application.Tests/VirtualEquipmentMonitor.Application.Tests.csproj" Id="783761d7-5446-4ceb-9b30-f04384fb72cb" />
    <Project Path="VirtualEquipmentMonitor.Desktop.Tests/VirtualEquipmentMonitor.Desktop.Tests.csproj" Id="8e633ae4-5793-4810-af69-214987e22c1d" />
    <Project Path="VirtualEquipmentMonitor.Domain.Tests/VirtualEquipmentMonitor.Domain.Tests.csproj" />
    <Project Path="VirtualEquipmentMonitor.Infrastructure.Tests/VirtualEquipmentMonitor.Infrastructure.Tests.csproj" />
  </Folder>
</Solution>
